
Microsoft Visual Studio Solution File, Format Version 12.00
# Visual Studio Version 17
VisualStudioVersion = 17.8.34322.80
MinimumVisualStudioVersion = 10.0.40219.1
Project("{FAE04EC0-301F-11D3-BF4B-00C04F79EFBC}") = "Day1", "Day1\Day1.csproj", "{4725A067-DC0A-44A4-9446-53F464FF35E3}"
EndProject
Project("{FAE04EC0-301F-11D3-BF4B-00C04F79EFBC}") = "Day2", "Day2\Day2.csproj", "{D07A5130-D997-4710-8BA9-EBCB9CE15F5B}"
EndProject
Project("{FAE04EC0-301F-11D3-BF4B-00C04F79EFBC}") = "Day3", "Day3\Day3.csproj", "{94333B81-EC9C-46F9-B3D0-FDB4F7701E9F}"
EndProject
Project("{FAE04EC0-301F-11D3-BF4B-00C04F79EFBC}") = "Day4", "Day4\Day4.csproj", "{A3BBA473-2FC7-4D8A-9A79-E008E5C96989}"
EndProject
Project("{FAE04EC0-301F-11D3-BF4B-00C04F79EFBC}") = "Day5", "Day5\Day5.csproj", "{8EF8FB76-9637-4C83-9FD2-57F53A78EA25}"
EndProject
Project("{FAE04EC0-301F-11D3-BF4B-00C04F79EFBC}") = "Day6", "Day6\Day6.csproj", "{9DED6446-6F50-49FC-90A7-E4FBAD17D01B}"
EndProject
Project("{FAE04EC0-301F-11D3-BF4B-00C04F79EFBC}") = "Day7", "Day7\Day7.csproj", "{F82D69F4-7312-4210-BCCF-EEC8B2FDB717}"
EndProject
Global
	GlobalSection(SolutionConfigurationPlatforms) = preSolution
		Debug|Any CPU = Debug|Any CPU
		Release|Any CPU = Release|Any CPU
	EndGlobalSection
	GlobalSection(ProjectConfigurationPlatforms) = postSolution
		{4725A067-DC0A-44A4-9446-53F464FF35E3}.Debug|Any CPU.ActiveCfg = Debug|Any CPU
		{4725A067-DC0A-44A4-9446-53F464FF35E3}.Debug|Any CPU.Build.0 = Debug|Any CPU
		{4725A067-DC0A-44A4-9446-53F464FF35E3}.Release|Any CPU.ActiveCfg = Release|Any CPU
		{4725A067-DC0A-44A4-9446-53F464FF35E3}.Release|Any CPU.Build.0 = Release|Any CPU
		{D07A5130-D997-4710-8BA9-EBCB9CE15F5B}.Debug|Any CPU.ActiveCfg = Debug|Any CPU
		{D07A5130-D997-4710-8BA9-EBCB9CE15F5B}.Debug|Any CPU.Build.0 = Debug|Any CPU
		{D07A5130-D997-4710-8BA9-EBCB9CE15F5B}.Release|Any CPU.ActiveCfg = Release|Any CPU
		{D07A5130-D997-4710-8BA9-EBCB9CE15F5B}.Release|Any CPU.Build.0 = Release|Any CPU
		{94333B81-EC9C-46F9-B3D0-FDB4F7701E9F}.Debug|Any CPU.ActiveCfg = Debug|Any CPU
		{94333B81-EC9C-46F9-B3D0-FDB4F7701E9F}.Debug|Any CPU.Build.0 = Debug|Any CPU
		{94333B81-EC9C-46F9-B3D0-FDB4F7701E9F}.Release|Any CPU.ActiveCfg = Release|Any CPU
		{94333B81-EC9C-46F9-B3D0-FDB4F7701E9F}.Release|Any CPU.Build.0 = Release|Any CPU
		{A3BBA473-2FC7-4D8A-9A79-E008E5C96989}.Debug|Any CPU.ActiveCfg = Debug|Any CPU
		{A3BBA473-2FC7-4D8A-9A79-E008E5C96989}.Debug|Any CPU.Build.0 = Debug|Any CPU
		{A3BBA473-2FC7-4D8A-9A79-E008E5C96989}.Release|Any CPU.ActiveCfg = Release|Any CPU
		{A3BBA473-2FC7-4D8A-9A79-E008E5C96989}.Release|Any CPU.Build.0 = Release|Any CPU
		{8EF8FB76-9637-4C83-9FD2-57F53A78EA25}.Debug|Any CPU.ActiveCfg = Debug|Any CPU
		{8EF8FB76-9637-4C83-9FD2-57F53A78EA25}.Debug|Any CPU.Build.0 = Debug|Any CPU
		{8EF8FB76-9637-4C83-9FD2-57F53A78EA25}.Release|Any CPU.ActiveCfg = Release|Any CPU
		{8EF8FB76-9637-4C83-9FD2-57F53A78EA25}.Release|Any CPU.Build.0 = Release|Any CPU
		{9DED6446-6F50-49FC-90A7-E4FBAD17D01B}.Debug|Any CPU.ActiveCfg = Debug|Any CPU
		{9DED6446-6F50-49FC-90A7-E4FBAD17D01B}.Debug|Any CPU.Build.0 = Debug|Any CPU
		{9DED6446-6F50-49FC-90A7-E4FBAD17D01B}.Release|Any CPU.ActiveCfg = Release|Any CPU
		{9DED6446-6F50-49FC-90A7-E4FBAD17D01B}.Release|Any CPU.Build.0 = Release|Any CPU
		{F82D69F4-7312-4210-BCCF-EEC8B2FDB717}.Debug|Any CPU.ActiveCfg = Debug|Any CPU
		{F82D69F4-7312-4210-BCCF-EEC8B2FDB717}.Debug|Any CPU.Build.0 = Debug|Any CPU
		{F82D69F4-7312-4210-BCCF-EEC8B2FDB717}.Release|Any CPU.ActiveCfg = Release|Any CPU
		{F82D69F4-7312-4210-BCCF-EEC8B2FDB717}.Release|Any CPU.Build.0 = Release|Any CPU
	EndGlobalSection
	GlobalSection(SolutionProperties) = preSolution
		HideSolutionNode = FALSE
	EndGlobalSection
	GlobalSection(ExtensibilityGlobals) = postSolution
		SolutionGuid = {272C770D-F4FE-467E-94F1-0093FB6A0A33}
	EndGlobalSection
EndGlobal
