
Microsoft Visual Studio Solution File, Format Version 12.00
# Visual Studio Version 17
VisualStudioVersion = 17.8.34322.80
MinimumVisualStudioVersion = 10.0.40219.1
Project("{FAE04EC0-301F-11D3-BF4B-00C04F79EFBC}") = "Day1", "Day1\Day1.csproj", "{4725A067-DC0A-44A4-9446-53F464FF35E3}"
EndProject
Project("{FAE04EC0-301F-11D3-BF4B-00C04F79EFBC}") = "Day2", "Day2\Day2.csproj", "{D07A5130-D997-4710-8BA9-EBCB9CE15F5B}"
EndProject
Global
	GlobalSection(SolutionConfigurationPlatforms) = preSolution
		Debug|Any CPU = Debug|Any CPU
		Release|Any CPU = Release|Any CPU
	EndGlobalSection
	GlobalSection(ProjectConfigurationPlatforms) = postSolution
		{4725A067-DC0A-44A4-9446-53F464FF35E3}.Debug|Any CPU.ActiveCfg = Debug|Any CPU
		{4725A067-DC0A-44A4-9446-53F464FF35E3}.Debug|Any CPU.Build.0 = Debug|Any CPU
		{4725A067-DC0A-44A4-9446-53F464FF35E3}.Release|Any CPU.ActiveCfg = Release|Any CPU
		{4725A067-DC0A-44A4-9446-53F464FF35E3}.Release|Any CPU.Build.0 = Release|Any CPU
		{D07A5130-D997-4710-8BA9-EBCB9CE15F5B}.Debug|Any CPU.ActiveCfg = Debug|Any CPU
		{D07A5130-D997-4710-8BA9-EBCB9CE15F5B}.Debug|Any CPU.Build.0 = Debug|Any CPU
		{D07A5130-D997-4710-8BA9-EBCB9CE15F5B}.Release|Any CPU.ActiveCfg = Release|Any CPU
		{D07A5130-D997-4710-8BA9-EBCB9CE15F5B}.Release|Any CPU.Build.0 = Release|Any CPU
	EndGlobalSection
	GlobalSection(SolutionProperties) = preSolution
		HideSolutionNode = FALSE
	EndGlobalSection
	GlobalSection(ExtensibilityGlobals) = postSolution
		SolutionGuid = {272C770D-F4FE-467E-94F1-0093FB6A0A33}
	EndGlobalSection
EndGlobal
